
Microsoft Visual Studio Solution File, Format Version 12.00
# Visual Studio Version 17
VisualStudioVersion = 17.13.35931.197
MinimumVisualStudioVersion = 10.0.40219.1
Project("{FAE04EC0-301F-11D3-BF4B-00C04F79EFBC}") = "SEMocks", "SEMocks\SEMocks.csproj", "{ABDAB762-7D8C-13B6-C25B-8DA568F445C3}"
EndProject
Project("{2150E333-8FDC-42A3-9474-1A3956D46DE8}") = "Inventory", "Inventory", "{C0FDFFE1-3EDE-48B7-9551-AB5406A7AD4A}"
EndProject
Project("{FAE04EC0-301F-11D3-BF4B-00C04F79EFBC}") = "InventoryListener", "Inventory\InventoryListener\InventoryListener.csproj", "{35D20B69-88AC-879D-B6BE-36C38947F557}"
EndProject
Project("{FAE04EC0-301F-11D3-BF4B-00C04F79EFBC}") = "InventoryMonitor", "Inventory\InventoryMonitor\InventoryMonitor.csproj", "{796CB677-EC26-A3AB-E8DD-724579C6C84E}"
EndProject
Project("{2150E333-8FDC-42A3-9474-1A3956D46DE8}") = "RogueTrader", "RogueTrader", "{FF5422DF-34A5-4C82-8312-AC3BCC41202F}"
EndProject
Project("{FAE04EC0-301F-11D3-BF4B-00C04F79EFBC}") = "RogueBase", "RogueTrader\RogueBase\RogueBase.csproj", "{E9557D28-76EE-564F-BEC7-28C4262620D3}"
EndProject
Project("{FAE04EC0-301F-11D3-BF4B-00C04F79EFBC}") = "RogueShip", "RogueTrader\RogueShip\RogueShip.csproj", "{6D642FE8-A025-0FEB-315B-454477CFD4ED}"
EndProject
Project("{2150E333-8FDC-42A3-9474-1A3956D46DE8}") = "Utils", "Utils", "{7279C55B-63F4-4C0F-A19B-156521F27E56}"
EndProject
Project("{FAE04EC0-301F-11D3-BF4B-00C04F79EFBC}") = "CargoMonitor", "Utils\CargoMonitor\CargoMonitor.csproj", "{9F79B22E-77FC-7A87-B2DD-27F930DE359B}"
EndProject
Project("{FAE04EC0-301F-11D3-BF4B-00C04F79EFBC}") = "LaserEmitter", "Utils\LaserEmitter\LaserEmitter.csproj", "{ABA43349-4E72-0673-8F73-6519D4608942}"
EndProject
Global
	GlobalSection(SolutionConfigurationPlatforms) = preSolution
		Debug|x64 = Debug|x64
		Release|x64 = Release|x64
	EndGlobalSection
	GlobalSection(ProjectConfigurationPlatforms) = postSolution
		{ABDAB762-7D8C-13B6-C25B-8DA568F445C3}.Debug|x64.ActiveCfg = Debug|x64
		{ABDAB762-7D8C-13B6-C25B-8DA568F445C3}.Debug|x64.Build.0 = Debug|x64
		{ABDAB762-7D8C-13B6-C25B-8DA568F445C3}.Release|x64.ActiveCfg = Release|x64
		{ABDAB762-7D8C-13B6-C25B-8DA568F445C3}.Release|x64.Build.0 = Release|x64
		{35D20B69-88AC-879D-B6BE-36C38947F557}.Debug|x64.ActiveCfg = Debug|x64
		{35D20B69-88AC-879D-B6BE-36C38947F557}.Debug|x64.Build.0 = Debug|x64
		{35D20B69-88AC-879D-B6BE-36C38947F557}.Release|x64.ActiveCfg = Release|x64
		{35D20B69-88AC-879D-B6BE-36C38947F557}.Release|x64.Build.0 = Release|x64
		{796CB677-EC26-A3AB-E8DD-724579C6C84E}.Debug|x64.ActiveCfg = Debug|x64
		{796CB677-EC26-A3AB-E8DD-724579C6C84E}.Debug|x64.Build.0 = Debug|x64
		{796CB677-EC26-A3AB-E8DD-724579C6C84E}.Release|x64.ActiveCfg = Release|x64
		{796CB677-EC26-A3AB-E8DD-724579C6C84E}.Release|x64.Build.0 = Release|x64
		{E9557D28-76EE-564F-BEC7-28C4262620D3}.Debug|x64.ActiveCfg = Debug|x64
		{E9557D28-76EE-564F-BEC7-28C4262620D3}.Debug|x64.Build.0 = Debug|x64
		{E9557D28-76EE-564F-BEC7-28C4262620D3}.Release|x64.ActiveCfg = Release|x64
		{E9557D28-76EE-564F-BEC7-28C4262620D3}.Release|x64.Build.0 = Release|x64
		{6D642FE8-A025-0FEB-315B-454477CFD4ED}.Debug|x64.ActiveCfg = Debug|x64
		{6D642FE8-A025-0FEB-315B-454477CFD4ED}.Debug|x64.Build.0 = Debug|x64
		{6D642FE8-A025-0FEB-315B-454477CFD4ED}.Release|x64.ActiveCfg = Release|x64
		{6D642FE8-A025-0FEB-315B-454477CFD4ED}.Release|x64.Build.0 = Release|x64
		{9F79B22E-77FC-7A87-B2DD-27F930DE359B}.Debug|x64.ActiveCfg = Debug|x64
		{9F79B22E-77FC-7A87-B2DD-27F930DE359B}.Debug|x64.Build.0 = Debug|x64
		{9F79B22E-77FC-7A87-B2DD-27F930DE359B}.Release|x64.ActiveCfg = Release|x64
		{9F79B22E-77FC-7A87-B2DD-27F930DE359B}.Release|x64.Build.0 = Release|x64
		{ABA43349-4E72-0673-8F73-6519D4608942}.Debug|x64.ActiveCfg = Debug|x64
		{ABA43349-4E72-0673-8F73-6519D4608942}.Debug|x64.Build.0 = Debug|x64
		{ABA43349-4E72-0673-8F73-6519D4608942}.Release|x64.ActiveCfg = Release|x64
		{ABA43349-4E72-0673-8F73-6519D4608942}.Release|x64.Build.0 = Release|x64
	EndGlobalSection
	GlobalSection(SolutionProperties) = preSolution
		HideSolutionNode = FALSE
	EndGlobalSection
	GlobalSection(NestedProjects) = preSolution
		{35D20B69-88AC-879D-B6BE-36C38947F557} = {C0FDFFE1-3EDE-48B7-9551-AB5406A7AD4A}
		{796CB677-EC26-A3AB-E8DD-724579C6C84E} = {C0FDFFE1-3EDE-48B7-9551-AB5406A7AD4A}
		{E9557D28-76EE-564F-BEC7-28C4262620D3} = {FF5422DF-34A5-4C82-8312-AC3BCC41202F}
		{6D642FE8-A025-0FEB-315B-454477CFD4ED} = {FF5422DF-34A5-4C82-8312-AC3BCC41202F}
		{9F79B22E-77FC-7A87-B2DD-27F930DE359B} = {7279C55B-63F4-4C0F-A19B-156521F27E56}
		{ABA43349-4E72-0673-8F73-6519D4608942} = {7279C55B-63F4-4C0F-A19B-156521F27E56}
	EndGlobalSection
	GlobalSection(ExtensibilityGlobals) = postSolution
		SolutionGuid = {271CF823-5D34-427E-8578-F9C0AD612EC6}
	EndGlobalSection
EndGlobal
